
Microsoft Visual Studio Solution File, Format Version 12.00
# Visual Studio Version 17
VisualStudioVersion = 17.0.32112.339
MinimumVisualStudioVersion = 10.0.40219.1
Project("{FAE04EC0-301F-11D3-BF4B-00C04F79EFBC}") = "Laba 1 Powers", "Laba 1 Powers.csproj", "{01CFFD9F-EB5B-490C-B35A-C32A4CFFC996}"
EndProject
Global
	GlobalSection(SolutionConfigurationPlatforms) = preSolution
		Debug|Any CPU = Debug|Any CPU
		Release|Any CPU = Release|Any CPU
	EndGlobalSection
	GlobalSection(ProjectConfigurationPlatforms) = postSolution
		{01CFFD9F-EB5B-490C-B35A-C32A4CFFC996}.Debug|Any CPU.ActiveCfg = Debug|Any CPU
		{01CFFD9F-EB5B-490C-B35A-C32A4CFFC996}.Debug|Any CPU.Build.0 = Debug|Any CPU
		{01CFFD9F-EB5B-490C-B35A-C32A4CFFC996}.Release|Any CPU.ActiveCfg = Release|Any CPU
		{01CFFD9F-EB5B-490C-B35A-C32A4CFFC996}.Release|Any CPU.Build.0 = Release|Any CPU
	EndGlobalSection
	GlobalSection(SolutionProperties) = preSolution
		HideSolutionNode = FALSE
	EndGlobalSection
	GlobalSection(ExtensibilityGlobals) = postSolution
		SolutionGuid = {5E252C79-C1BF-4B2D-8C86-65115E4BA1EB}
	EndGlobalSection
EndGlobal
